
Microsoft Visual Studio Solution File, Format Version 12.00
# Visual Studio Version 16
VisualStudioVersion = 16.0.810.11
MinimumVisualStudioVersion = 10.0.40219.1
Project("{FAE04EC0-301F-11D3-BF4B-00C04F79EFBC}") = "csharp-examples", "csharp-examples.csproj", "{F12FF627-92FB-4EDA-9930-57186A57FE28}"
EndProject
Global
	GlobalSection(SolutionConfigurationPlatforms) = preSolution
		Debug|Any CPU = Debug|Any CPU
		Release|Any CPU = Release|Any CPU
	EndGlobalSection
	GlobalSection(ProjectConfigurationPlatforms) = postSolution
		{F12FF627-92FB-4EDA-9930-57186A57FE28}.Debug|Any CPU.ActiveCfg = Debug|Any CPU
		{F12FF627-92FB-4EDA-9930-57186A57FE28}.Debug|Any CPU.Build.0 = Debug|Any CPU
		{F12FF627-92FB-4EDA-9930-57186A57FE28}.Release|Any CPU.ActiveCfg = Release|Any CPU
		{F12FF627-92FB-4EDA-9930-57186A57FE28}.Release|Any CPU.Build.0 = Release|Any CPU
	EndGlobalSection
	GlobalSection(SolutionProperties) = preSolution
		HideSolutionNode = FALSE
	EndGlobalSection
	GlobalSection(ExtensibilityGlobals) = postSolution
		SolutionGuid = {BF3B8B6D-F4B4-4BBE-90A9-64C9F4B1DFFC}
	EndGlobalSection
EndGlobal
